
Microsoft Visual Studio Solution File, Format Version 12.00
# Visual Studio Version 17
VisualStudioVersion = 17.8.34525.116
MinimumVisualStudioVersion = 10.0.40219.1
Project("{FAE04EC0-301F-11D3-BF4B-00C04F79EFBC}") = "Praktine_Uzduotis_2_Julius_Sauciunas_PI22B", "Praktine_Uzduotis_2_Julius_Sauciunas_PI22B.csproj", "{26B9C8D1-EE7E-410A-ABE7-C718BCBF706F}"
EndProject
Global
	GlobalSection(SolutionConfigurationPlatforms) = preSolution
		Debug|Any CPU = Debug|Any CPU
		Release|Any CPU = Release|Any CPU
	EndGlobalSection
	GlobalSection(ProjectConfigurationPlatforms) = postSolution
		{26B9C8D1-EE7E-410A-ABE7-C718BCBF706F}.Debug|Any CPU.ActiveCfg = Debug|Any CPU
		{26B9C8D1-EE7E-410A-ABE7-C718BCBF706F}.Debug|Any CPU.Build.0 = Debug|Any CPU
		{26B9C8D1-EE7E-410A-ABE7-C718BCBF706F}.Release|Any CPU.ActiveCfg = Release|Any CPU
		{26B9C8D1-EE7E-410A-ABE7-C718BCBF706F}.Release|Any CPU.Build.0 = Release|Any CPU
	EndGlobalSection
	GlobalSection(SolutionProperties) = preSolution
		HideSolutionNode = FALSE
	EndGlobalSection
	GlobalSection(ExtensibilityGlobals) = postSolution
		SolutionGuid = {68AE762C-AF89-44FB-81DF-E3C8FBF1B6D2}
	EndGlobalSection
EndGlobal
